
Microsoft Visual Studio Solution File, Format Version 12.00
# Visual Studio Version 17
VisualStudioVersion = 17.8.34330.188
MinimumVisualStudioVersion = 10.0.40219.1
Project("{8BC9CEB8-8B4A-11D0-8D11-00A0C91BC942}") = "GreeterLibraryStatic", "GreeterLibraryStatic\GreeterLibraryStatic.vcxproj", "{FA89924C-0455-4550-856C-B3DA2A43F6CB}"
EndProject
Project("{8BC9CEB8-8B4A-11D0-8D11-00A0C91BC942}") = "GreeterClient", "..\GreeterClient\GreeterClient.vcxproj", "{48809F37-DEEB-483A-B353-90AD54BA11B5}"
EndProject
Global
	GlobalSection(SolutionConfigurationPlatforms) = preSolution
		Debug|x64 = Debug|x64
		Debug|x86 = Debug|x86
		Release|x64 = Release|x64
		Release|x86 = Release|x86
	EndGlobalSection
	GlobalSection(ProjectConfigurationPlatforms) = postSolution
		{FA89924C-0455-4550-856C-B3DA2A43F6CB}.Debug|x64.ActiveCfg = Debug|x64
		{FA89924C-0455-4550-856C-B3DA2A43F6CB}.Debug|x64.Build.0 = Debug|x64
		{FA89924C-0455-4550-856C-B3DA2A43F6CB}.Debug|x86.ActiveCfg = Debug|Win32
		{FA89924C-0455-4550-856C-B3DA2A43F6CB}.Debug|x86.Build.0 = Debug|Win32
		{FA89924C-0455-4550-856C-B3DA2A43F6CB}.Release|x64.ActiveCfg = Release|x64
		{FA89924C-0455-4550-856C-B3DA2A43F6CB}.Release|x64.Build.0 = Release|x64
		{FA89924C-0455-4550-856C-B3DA2A43F6CB}.Release|x86.ActiveCfg = Release|Win32
		{FA89924C-0455-4550-856C-B3DA2A43F6CB}.Release|x86.Build.0 = Release|Win32
		{48809F37-DEEB-483A-B353-90AD54BA11B5}.Debug|x64.ActiveCfg = Debug|x64
		{48809F37-DEEB-483A-B353-90AD54BA11B5}.Debug|x64.Build.0 = Debug|x64
		{48809F37-DEEB-483A-B353-90AD54BA11B5}.Debug|x86.ActiveCfg = Debug|Win32
		{48809F37-DEEB-483A-B353-90AD54BA11B5}.Debug|x86.Build.0 = Debug|Win32
		{48809F37-DEEB-483A-B353-90AD54BA11B5}.Release|x64.ActiveCfg = Release|x64
		{48809F37-DEEB-483A-B353-90AD54BA11B5}.Release|x64.Build.0 = Release|x64
		{48809F37-DEEB-483A-B353-90AD54BA11B5}.Release|x86.ActiveCfg = Release|Win32
		{48809F37-DEEB-483A-B353-90AD54BA11B5}.Release|x86.Build.0 = Release|Win32
	EndGlobalSection
	GlobalSection(SolutionProperties) = preSolution
		HideSolutionNode = FALSE
	EndGlobalSection
	GlobalSection(ExtensibilityGlobals) = postSolution
		SolutionGuid = {D7C7A7F3-8AE4-4CF5-AD34-E0B14CFC3405}
	EndGlobalSection
EndGlobal
